
Microsoft Visual Studio Solution File, Format Version 12.00
# Visual Studio Version 17
VisualStudioVersion = 17.0.31903.59
MinimumVisualStudioVersion = 10.0.40219.1
Project("{FAE04EC0-301F-11D3-BF4B-00C04F79EFBC}") = "my_new", "my_new\my_new.csproj", "{040D4DD9-4043-4FD3-AFB0-0FA4D9C6CC20}"
EndProject
Project("{FAE04EC0-301F-11D3-BF4B-00C04F79EFBC}") = "myRes", "myRes\myRes.csproj", "{5A63C6D7-A2AD-47FF-819B-5A6E867639E1}"
EndProject
Global
	GlobalSection(SolutionConfigurationPlatforms) = preSolution
		Debug|Any CPU = Debug|Any CPU
		Debug|x64 = Debug|x64
		Debug|x86 = Debug|x86
		Release|Any CPU = Release|Any CPU
		Release|x64 = Release|x64
		Release|x86 = Release|x86
	EndGlobalSection
	GlobalSection(ProjectConfigurationPlatforms) = postSolution
		{040D4DD9-4043-4FD3-AFB0-0FA4D9C6CC20}.Debug|Any CPU.ActiveCfg = Debug|Any CPU
		{040D4DD9-4043-4FD3-AFB0-0FA4D9C6CC20}.Debug|Any CPU.Build.0 = Debug|Any CPU
		{040D4DD9-4043-4FD3-AFB0-0FA4D9C6CC20}.Debug|x64.ActiveCfg = Debug|Any CPU
		{040D4DD9-4043-4FD3-AFB0-0FA4D9C6CC20}.Debug|x64.Build.0 = Debug|Any CPU
		{040D4DD9-4043-4FD3-AFB0-0FA4D9C6CC20}.Debug|x86.ActiveCfg = Debug|Any CPU
		{040D4DD9-4043-4FD3-AFB0-0FA4D9C6CC20}.Debug|x86.Build.0 = Debug|Any CPU
		{040D4DD9-4043-4FD3-AFB0-0FA4D9C6CC20}.Release|Any CPU.ActiveCfg = Release|Any CPU
		{040D4DD9-4043-4FD3-AFB0-0FA4D9C6CC20}.Release|Any CPU.Build.0 = Release|Any CPU
		{040D4DD9-4043-4FD3-AFB0-0FA4D9C6CC20}.Release|x64.ActiveCfg = Release|Any CPU
		{040D4DD9-4043-4FD3-AFB0-0FA4D9C6CC20}.Release|x64.Build.0 = Release|Any CPU
		{040D4DD9-4043-4FD3-AFB0-0FA4D9C6CC20}.Release|x86.ActiveCfg = Release|Any CPU
		{040D4DD9-4043-4FD3-AFB0-0FA4D9C6CC20}.Release|x86.Build.0 = Release|Any CPU
		{5A63C6D7-A2AD-47FF-819B-5A6E867639E1}.Debug|Any CPU.ActiveCfg = Debug|Any CPU
		{5A63C6D7-A2AD-47FF-819B-5A6E867639E1}.Debug|Any CPU.Build.0 = Debug|Any CPU
		{5A63C6D7-A2AD-47FF-819B-5A6E867639E1}.Debug|x64.ActiveCfg = Debug|Any CPU
		{5A63C6D7-A2AD-47FF-819B-5A6E867639E1}.Debug|x64.Build.0 = Debug|Any CPU
		{5A63C6D7-A2AD-47FF-819B-5A6E867639E1}.Debug|x86.ActiveCfg = Debug|Any CPU
		{5A63C6D7-A2AD-47FF-819B-5A6E867639E1}.Debug|x86.Build.0 = Debug|Any CPU
		{5A63C6D7-A2AD-47FF-819B-5A6E867639E1}.Release|Any CPU.ActiveCfg = Release|Any CPU
		{5A63C6D7-A2AD-47FF-819B-5A6E867639E1}.Release|Any CPU.Build.0 = Release|Any CPU
		{5A63C6D7-A2AD-47FF-819B-5A6E867639E1}.Release|x64.ActiveCfg = Release|Any CPU
		{5A63C6D7-A2AD-47FF-819B-5A6E867639E1}.Release|x64.Build.0 = Release|Any CPU
		{5A63C6D7-A2AD-47FF-819B-5A6E867639E1}.Release|x86.ActiveCfg = Release|Any CPU
		{5A63C6D7-A2AD-47FF-819B-5A6E867639E1}.Release|x86.Build.0 = Release|Any CPU
	EndGlobalSection
	GlobalSection(SolutionProperties) = preSolution
		HideSolutionNode = FALSE
	EndGlobalSection
EndGlobal
